#
# This file is autogenerated by pip-compile with Python 3.10
# by the following command:
#
#    pip-compile --output-file=requirements.lock --strip-extras pyproject.toml
#
aiosqlite==0.22.1
    # via langgraph-checkpoint-sqlite
annotated-doc==0.0.5
    # via fastapi
annotated-types==0.8.0
    # via pydantic
anyio==4.14.2
    # via
    #   httpx
    #   langsmith
    #   openai
    #   starlette
argon2-cffi==25.1.0
    # via pwdlib
argon2-cffi-bindings==25.1.0
    # via argon2-cffi
babel==2.18.0
    # via courlan
brotli==1.2.0
    # via httpx
certifi==2026.7.22
    # via
    #   httpcore
    #   httpx
    #   requests
    #   trafilatura
charset-normalizer==3.4.9
    # via
    #   htmldate
    #   requests
    #   trafilatura
cffi==2.1.1
    # via
    #   argon2-cffi-bindings
    #   cryptography
click==8.4.2
    # via
    #   ddgs
    #   uvicorn
courlan==1.4.0
    # via trafilatura
cryptography==45.0.7
    # via jarvis (pyproject.toml)
dateparser==1.4.2
    # via htmldate
ddgs==9.14.4
    # via jarvis (pyproject.toml)
distro==1.9.0
    # via
    #   langsmith
    #   openai
exceptiongroup==1.3.1
    # via anyio
fake-useragent==2.2.0
    # via ddgs
fastapi==0.141.1
    # via jarvis (pyproject.toml)
h11==0.16.0
    # via
    #   httpcore
    #   uvicorn
h2==4.4.1
    # via httpx
hpack==4.2.0
    # via h2
htmldate==1.10.0
    # via trafilatura
httpcore==1.0.9
    # via httpx
httpx==0.28.1
    # via
    #   ddgs
    #   jarvis (pyproject.toml)
    #   langgraph-sdk
    #   langsmith
    #   openai
hyperframe==6.1.0
    # via h2
idna==3.18
    # via
    #   anyio
    #   httpx
    #   requests
jiter==0.16.0
    # via openai
jsonpatch==1.33
    # via langchain-core
jsonpointer==3.1.1
    # via jsonpatch
justext==3.0.2
    # via trafilatura
langchain-core==1.5.3
    # via
    #   langchain-openai
    #   langgraph
    #   langgraph-checkpoint
    #   langgraph-prebuilt
    #   langgraph-sdk
langchain-openai==1.4.3
    # via jarvis (pyproject.toml)
langchain-protocol==0.0.18
    # via
    #   langchain-core
    #   langgraph-sdk
langgraph==1.2.11
    # via jarvis (pyproject.toml)
langgraph-checkpoint==4.2.0
    # via
    #   langgraph
    #   langgraph-checkpoint-sqlite
    #   langgraph-prebuilt
langgraph-checkpoint-sqlite==3.1.1
    # via jarvis (pyproject.toml)
langgraph-prebuilt==1.1.0
    # via langgraph
langgraph-sdk==0.4.2
    # via langgraph
langsmith==0.10.17
    # via langchain-core
lxml==6.1.1
    # via
    #   ddgs
    #   htmldate
    #   justext
    #   lxml-html-clean
    #   trafilatura
lxml-html-clean==0.4.5
    # via lxml
openai==2.53.0
    # via langchain-openai
orjson==3.11.9
    # via
    #   langgraph-sdk
    #   langsmith
ormsgpack==1.12.2
    # via langgraph-checkpoint
packaging==26.3
    # via
    #   langchain-core
    #   langsmith
primp==1.3.1
    # via ddgs
pydantic==2.13.4
    # via
    #   fastapi
    #   langchain-core
    #   langgraph
    #   langsmith
    #   openai
pydantic-core==2.46.4
    # via pydantic
pwdlib==0.3.1
    # via jarvis (pyproject.toml)
pycparser==3.0
    # via cffi
python-dateutil==2.9.0.post0
    # via
    #   dateparser
    #   htmldate
python-dotenv==1.2.2
    # via jarvis (pyproject.toml)
pytz==2026.3.post1
    # via dateparser
pyyaml==6.0.3
    # via langchain-core
regex==2026.7.19
    # via
    #   dateparser
    #   tiktoken
requests==2.34.2
    # via
    #   langsmith
    #   requests-toolbelt
    #   tiktoken
requests-toolbelt==1.0.0
    # via langsmith
segno==1.6.6
    # via jarvis (pyproject.toml)
six==1.17.0
    # via python-dateutil
sniffio==1.3.1
    # via
    #   langsmith
    #   openai
socksio==1.0.0
    # via httpx
sqlite-vec==0.1.9
    # via langgraph-checkpoint-sqlite
starlette==1.6.0
    # via fastapi
tenacity==9.1.4
    # via langchain-core
tiktoken==0.13.0
    # via langchain-openai
tld==0.13.2
    # via courlan
tqdm==4.70.0
    # via openai
trafilatura==2.1.0
    # via jarvis (pyproject.toml)
typing-extensions==4.16.0
    # via
    #   anyio
    #   exceptiongroup
    #   fastapi
    #   langchain-core
    #   langchain-protocol
    #   langsmith
    #   openai
    #   pydantic
    #   pydantic-core
    #   starlette
    #   typing-inspection
    #   uvicorn
typing-inspection==0.4.3
    # via
    #   fastapi
    #   pydantic
tzlocal==5.4.4
    # via dateparser
urllib3==2.7.0
    # via
    #   courlan
    #   htmldate
    #   requests
    #   trafilatura
uuid-utils==0.17.0
    # via
    #   langchain-core
    #   langsmith
uvicorn==0.52.1
    # via jarvis (pyproject.toml)
websockets==15.0.1
    # via
    #   langgraph-sdk
    #   langsmith
xxhash==3.8.1
    # via
    #   langgraph
    #   langsmith
zstandard==0.25.0
    # via langsmith

pilk==0.2.4
    # via jarvis (wechat voice silk codec)
